
Microsoft Visual Studio Solution File, Format Version 12.00
# Visual Studio 15
VisualStudioVersion = 15.0.27130.2024
MinimumVisualStudioVersion = 10.0.40219.1
Project("{E24C65DC-7377-472B-9ABA-BC803B73C61A}") = "meweb", "meweb\", "{8C337C21-C045-4699-B447-855B0F226B11}"
	ProjectSection(WebsiteProperties) = preProject
		TargetFrameworkMoniker = ".NETFramework,Version%3Dv4.5"
		Debug.AspNetCompiler.VirtualPath = "/localhost_56911"
		Debug.AspNetCompiler.PhysicalPath = "meweb\"
		Debug.AspNetCompiler.TargetPath = "PrecompiledWeb\localhost_56911\"
		Debug.AspNetCompiler.Updateable = "true"
		Debug.AspNetCompiler.ForceOverwrite = "true"
		Debug.AspNetCompiler.FixedNames = "false"
		Debug.AspNetCompiler.Debug = "True"
		Release.AspNetCompiler.VirtualPath = "/localhost_56911"
		Release.AspNetCompiler.PhysicalPath = "meweb\"
		Release.AspNetCompiler.TargetPath = "PrecompiledWeb\localhost_56911\"
		Release.AspNetCompiler.Updateable = "true"
		Release.AspNetCompiler.ForceOverwrite = "true"
		Release.AspNetCompiler.FixedNames = "false"
		Release.AspNetCompiler.Debug = "False"
		VWDPort = "56911"
		SlnRelativePath = "meweb\"
		DefaultWebSiteLanguage = "Visual Basic"
	EndProjectSection
EndProject
Global
	GlobalSection(SolutionConfigurationPlatforms) = preSolution
		Debug|Any CPU = Debug|Any CPU
	EndGlobalSection
	GlobalSection(ProjectConfigurationPlatforms) = postSolution
		{8C337C21-C045-4699-B447-855B0F226B11}.Debug|Any CPU.ActiveCfg = Debug|Any CPU
		{8C337C21-C045-4699-B447-855B0F226B11}.Debug|Any CPU.Build.0 = Debug|Any CPU
	EndGlobalSection
	GlobalSection(SolutionProperties) = preSolution
		HideSolutionNode = FALSE
	EndGlobalSection
	GlobalSection(ExtensibilityGlobals) = postSolution
		SolutionGuid = {9818AB8A-A2FB-46C4-BB9D-6F795EB27C09}
	EndGlobalSection
EndGlobal
